// !$*UTF8*$!
{
	archiveVersion = 1;
	classes = {
	};
	objectVersion = 50;
	objects = {

/* Begin PBXBuildFile section */
		5E4CFA7F23E2696E00800E8C /* SearchView.swift in Sources */ = {isa = PBXBuildFile; fileRef = 5E4CFA7E23E2696E00800E8C /* SearchView.swift */; };
		5E4CFA8123E2698C00800E8C /* SearchViewModel.swift in Sources */ = {isa = PBXBuildFile; fileRef = 5E4CFA8023E2698C00800E8C /* SearchViewModel.swift */; };
		5E4CFA8523E29DB000800E8C /* QuestionDetailViewModel.swift in Sources */ = {isa = PBXBuildFile; fileRef = 5E4CFA8423E29DB000800E8C /* QuestionDetailViewModel.swift */; };
		5E4CFA8723E29EC100800E8C /* QuestionDetailView.swift in Sources */ = {isa = PBXBuildFile; fileRef = 5E4CFA8623E29EC100800E8C /* QuestionDetailView.swift */; };
		5E76EA5223CEDEC2009E2972 /* LoginViewController.swift in Sources */ = {isa = PBXBuildFile; fileRef = 5E76EA5123CEDEC2009E2972 /* LoginViewController.swift */; };
		5E76EA5423CEE22A009E2972 /* APIKeys.swift in Sources */ = {isa = PBXBuildFile; fileRef = 5E76EA5323CEE22A009E2972 /* APIKeys.swift */; };
		5E76EA5923CF8088009E2972 /* Session.swift in Sources */ = {isa = PBXBuildFile; fileRef = 5E76EA5823CF8088009E2972 /* Session.swift */; };
		5E8D423B23E3B3A100D4D6B9 /* PostTableViewCell.swift in Sources */ = {isa = PBXBuildFile; fileRef = 5E8D423A23E3B3A100D4D6B9 /* PostTableViewCell.swift */; };
		5E8D423D23E3D8B100D4D6B9 /* LoginView.swift in Sources */ = {isa = PBXBuildFile; fileRef = 5E8D423C23E3D8B100D4D6B9 /* LoginView.swift */; };
		5E8D423F23E3D8BF00D4D6B9 /* LoginViewModel.swift in Sources */ = {isa = PBXBuildFile; fileRef = 5E8D423E23E3D8BF00D4D6B9 /* LoginViewModel.swift */; };
		5E9E9A6323E136A300CC767F /* URLBuilder.swift in Sources */ = {isa = PBXBuildFile; fileRef = 5E9E9A6223E136A300CC767F /* URLBuilder.swift */; };
		5E9E9A6523E1545000CC767F /* NewPostView.swift in Sources */ = {isa = PBXBuildFile; fileRef = 5E9E9A6423E1545000CC767F /* NewPostView.swift */; };
		5E9E9A6723E1615100CC767F /* NewPostViewModel.swift in Sources */ = {isa = PBXBuildFile; fileRef = 5E9E9A6623E1615100CC767F /* NewPostViewModel.swift */; };
		5EB08C5023D912E5005C6A73 /* AnswerTableViewCell.swift in Sources */ = {isa = PBXBuildFile; fileRef = 5EB08C4F23D912E5005C6A73 /* AnswerTableViewCell.swift */; };
		5EB08C5923D91CE2005C6A73 /* CoreDataSaveOps.swift in Sources */ = {isa = PBXBuildFile; fileRef = 5EB08C5223D91CE1005C6A73 /* CoreDataSaveOps.swift */; };
		5EB08C5A23D91CE2005C6A73 /* CoreDataUpdateOps.swift in Sources */ = {isa = PBXBuildFile; fileRef = 5EB08C5323D91CE1005C6A73 /* CoreDataUpdateOps.swift */; };
		5EB08C5B23D91CE2005C6A73 /* CoreDataDeleteOps.swift in Sources */ = {isa = PBXBuildFile; fileRef = 5EB08C5423D91CE1005C6A73 /* CoreDataDeleteOps.swift */; };
		5EB08C5C23D91CE2005C6A73 /* CoreDataManager.swift in Sources */ = {isa = PBXBuildFile; fileRef = 5EB08C5523D91CE1005C6A73 /* CoreDataManager.swift */; };
		5EB08C5D23D91CE2005C6A73 /* CoreDataFetchOps.swift in Sources */ = {isa = PBXBuildFile; fileRef = 5EB08C5623D91CE1005C6A73 /* CoreDataFetchOps.swift */; };
		5EB08C5E23D91CE2005C6A73 /* AnswerModel.swift in Sources */ = {isa = PBXBuildFile; fileRef = 5EB08C5723D91CE1005C6A73 /* AnswerModel.swift */; };
		5EB08C5F23D91CE2005C6A73 /* QuestionModel.swift in Sources */ = {isa = PBXBuildFile; fileRef = 5EB08C5823D91CE1005C6A73 /* QuestionModel.swift */; };
		5EB08C6123D97683005C6A73 /* QuestionParser.swift in Sources */ = {isa = PBXBuildFile; fileRef = 5EB08C6023D97682005C6A73 /* QuestionParser.swift */; };
		5EB08C6323D981BD005C6A73 /* UpdateDelegate.swift in Sources */ = {isa = PBXBuildFile; fileRef = 5EB08C6223D981BD005C6A73 /* UpdateDelegate.swift */; };
		5EE84CAA23CA50A200BA1627 /* AppDelegate.swift in Sources */ = {isa = PBXBuildFile; fileRef = 5EE84CA923CA50A200BA1627 /* AppDelegate.swift */; };
		5EE84CAC23CA50A200BA1627 /* SceneDelegate.swift in Sources */ = {isa = PBXBuildFile; fileRef = 5EE84CAB23CA50A200BA1627 /* SceneDelegate.swift */; };
		5EE84CAE23CA50A200BA1627 /* SearchViewController.swift in Sources */ = {isa = PBXBuildFile; fileRef = 5EE84CAD23CA50A200BA1627 /* SearchViewController.swift */; };
		5EE84CB423CA50A200BA1627 /* StackOverflowProject.xcdatamodeld in Sources */ = {isa = PBXBuildFile; fileRef = 5EE84CB223CA50A200BA1627 /* StackOverflowProject.xcdatamodeld */; };
		5EE84CB623CA50A400BA1627 /* Assets.xcassets in Resources */ = {isa = PBXBuildFile; fileRef = 5EE84CB523CA50A400BA1627 /* Assets.xcassets */; };
		5EE84CB923CA50A400BA1627 /* LaunchScreen.storyboard in Resources */ = {isa = PBXBuildFile; fileRef = 5EE84CB723CA50A400BA1627 /* LaunchScreen.storyboard */; };
		5EE84CC423CA50A500BA1627 /* StackOverflowProjectTests.swift in Sources */ = {isa = PBXBuildFile; fileRef = 5EE84CC323CA50A500BA1627 /* StackOverflowProjectTests.swift */; };
		5EE84CCF23CA50A500BA1627 /* StackOverflowProjectUITests.swift in Sources */ = {isa = PBXBuildFile; fileRef = 5EE84CCE23CA50A500BA1627 /* StackOverflowProjectUITests.swift */; };
		5EE84CDF23CA820A00BA1627 /* NetworkManager.swift in Sources */ = {isa = PBXBuildFile; fileRef = 5EE84CDE23CA820A00BA1627 /* NetworkManager.swift */; };
		5EE84CE123CA905D00BA1627 /* SearchData.swift in Sources */ = {isa = PBXBuildFile; fileRef = 5EE84CE023CA905D00BA1627 /* SearchData.swift */; };
		5EE84CE323CA921C00BA1627 /* SearchParser.swift in Sources */ = {isa = PBXBuildFile; fileRef = 5EE84CE223CA921C00BA1627 /* SearchParser.swift */; };
		5EE84CE523CA941700BA1627 /* search.json in Resources */ = {isa = PBXBuildFile; fileRef = 5EE84CE423CA941700BA1627 /* search.json */; };
		5EE84CE923CB023F00BA1627 /* QuestionDetailViewController.swift in Sources */ = {isa = PBXBuildFile; fileRef = 5EE84CE823CB023F00BA1627 /* QuestionDetailViewController.swift */; };
		5EE9DEAD23CFAF3A00D7FAF8 /* Data.swift in Sources */ = {isa = PBXBuildFile; fileRef = 5EE9DEAC23CFAF3A00D7FAF8 /* Data.swift */; };
		5EE9DEB123CFB12100D7FAF8 /* String.swift in Sources */ = {isa = PBXBuildFile; fileRef = 5EE9DEB023CFB12100D7FAF8 /* String.swift */; };
		5EE9DEB423CFE83900D7FAF8 /* question.json in Resources */ = {isa = PBXBuildFile; fileRef = 5EE9DEB323CFE83900D7FAF8 /* question.json */; };
		5EE9DEB923CFF11100D7FAF8 /* QuestionTableViewCell.swift in Sources */ = {isa = PBXBuildFile; fileRef = 5EE9DEB823CFF11100D7FAF8 /* QuestionTableViewCell.swift */; };
		5EE9DEBB23D1080600D7FAF8 /* AnswerItems.swift in Sources */ = {isa = PBXBuildFile; fileRef = 5EE9DEBA23D1080600D7FAF8 /* AnswerItems.swift */; };
		5EE9DEBD23D108EC00D7FAF8 /* AnswerParser.swift in Sources */ = {isa = PBXBuildFile; fileRef = 5EE9DEBC23D108EC00D7FAF8 /* AnswerParser.swift */; };
		5EE9DEBF23D13F8B00D7FAF8 /* answers.json in Resources */ = {isa = PBXBuildFile; fileRef = 5EE9DEBE23D13F8B00D7FAF8 /* answers.json */; };
		5EEBB07323DE561100CFB96C /* QuestionData.swift in Sources */ = {isa = PBXBuildFile; fileRef = 5EEBB07223DE561100CFB96C /* QuestionData.swift */; };
		5EEBB07523DE88A200CFB96C /* NewPostViewController.swift in Sources */ = {isa = PBXBuildFile; fileRef = 5EEBB07423DE88A200CFB96C /* NewPostViewController.swift */; };
		78E3348356B0249D30A1393F /* Pods_StackOverflowProjectTests.framework in Frameworks */ = {isa = PBXBuildFile; fileRef = 7F652C19E2D1B192448EF548 /* Pods_StackOverflowProjectTests.framework */; };
		EB529E82E6214AABB01EB753 /* Pods_StackOverflowProject_StackOverflowProjectUITests.framework in Frameworks */ = {isa = PBXBuildFile; fileRef = 28138F9BE041760D7C50DDCA /* Pods_StackOverflowProject_StackOverflowProjectUITests.framework */; };
/* End PBXBuildFile section */

/* Begin PBXContainerItemProxy section */
		5EE84CC023CA50A500BA1627 /* PBXContainerItemProxy */ = {
			isa = PBXContainerItemProxy;
			containerPortal = 5EE84C9E23CA50A200BA1627 /* Project object */;
			proxyType = 1;
			remoteGlobalIDString = 5EE84CA523CA50A200BA1627;
			remoteInfo = StackOverflowProject;
		};
		5EE84CCB23CA50A500BA1627 /* PBXContainerItemProxy */ = {
			isa = PBXContainerItemProxy;
			containerPortal = 5EE84C9E23CA50A200BA1627 /* Project object */;
			proxyType = 1;
			remoteGlobalIDString = 5EE84CA523CA50A200BA1627;
			remoteInfo = StackOverflowProject;
		};
/* End PBXContainerItemProxy section */

/* Begin PBXFileReference section */
		28138F9BE041760D7C50DDCA /* Pods_StackOverflowProject_StackOverflowProjectUITests.framework */ = {isa = PBXFileReference; explicitFileType = wrapper.framework; includeInIndex = 0; path = Pods_StackOverflowProject_StackOverflowProjectUITests.framework; sourceTree = BUILT_PRODUCTS_DIR; };
		5E4CFA7E23E2696E00800E8C /* SearchView.swift */ = {isa = PBXFileReference; lastKnownFileType = sourcecode.swift; path = SearchView.swift; sourceTree = "<group>"; };
		5E4CFA8023E2698C00800E8C /* SearchViewModel.swift */ = {isa = PBXFileReference; lastKnownFileType = sourcecode.swift; path = SearchViewModel.swift; sourceTree = "<group>"; };
		5E4CFA8423E29DB000800E8C /* QuestionDetailViewModel.swift */ = {isa = PBXFileReference; lastKnownFileType = sourcecode.swift; path = QuestionDetailViewModel.swift; sourceTree = "<group>"; };
		5E4CFA8623E29EC100800E8C /* QuestionDetailView.swift */ = {isa = PBXFileReference; fileEncoding = 4; lastKnownFileType = sourcecode.swift; path = QuestionDetailView.swift; sourceTree = "<group>"; };
		5E76EA5123CEDEC2009E2972 /* LoginViewController.swift */ = {isa = PBXFileReference; lastKnownFileType = sourcecode.swift; path = LoginViewController.swift; sourceTree = "<group>"; };
		5E76EA5323CEE22A009E2972 /* APIKeys.swift */ = {isa = PBXFileReference; fileEncoding = 4; lastKnownFileType = sourcecode.swift; path = APIKeys.swift; sourceTree = "<group>"; };
		5E76EA5823CF8088009E2972 /* Session.swift */ = {isa = PBXFileReference; lastKnownFileType = sourcecode.swift; path = Session.swift; sourceTree = "<group>"; };
		5E8D423A23E3B3A100D4D6B9 /* PostTableViewCell.swift */ = {isa = PBXFileReference; lastKnownFileType = sourcecode.swift; path = PostTableViewCell.swift; sourceTree = "<group>"; };
		5E8D423C23E3D8B100D4D6B9 /* LoginView.swift */ = {isa = PBXFileReference; lastKnownFileType = sourcecode.swift; path = LoginView.swift; sourceTree = "<group>"; };
		5E8D423E23E3D8BF00D4D6B9 /* LoginViewModel.swift */ = {isa = PBXFileReference; lastKnownFileType = sourcecode.swift; path = LoginViewModel.swift; sourceTree = "<group>"; };
		5E9E9A6223E136A300CC767F /* URLBuilder.swift */ = {isa = PBXFileReference; fileEncoding = 4; lastKnownFileType = sourcecode.swift; path = URLBuilder.swift; sourceTree = "<group>"; };
		5E9E9A6423E1545000CC767F /* NewPostView.swift */ = {isa = PBXFileReference; lastKnownFileType = sourcecode.swift; path = NewPostView.swift; sourceTree = "<group>"; };
		5E9E9A6623E1615100CC767F /* NewPostViewModel.swift */ = {isa = PBXFileReference; lastKnownFileType = sourcecode.swift; path = NewPostViewModel.swift; sourceTree = "<group>"; };
		5EB08C4F23D912E5005C6A73 /* AnswerTableViewCell.swift */ = {isa = PBXFileReference; fileEncoding = 4; lastKnownFileType = sourcecode.swift; path = AnswerTableViewCell.swift; sourceTree = "<group>"; };
		5EB08C5223D91CE1005C6A73 /* CoreDataSaveOps.swift */ = {isa = PBXFileReference; fileEncoding = 4; lastKnownFileType = sourcecode.swift; path = CoreDataSaveOps.swift; sourceTree = "<group>"; };
		5EB08C5323D91CE1005C6A73 /* CoreDataUpdateOps.swift */ = {isa = PBXFileReference; fileEncoding = 4; lastKnownFileType = sourcecode.swift; path = CoreDataUpdateOps.swift; sourceTree = "<group>"; };
		5EB08C5423D91CE1005C6A73 /* CoreDataDeleteOps.swift */ = {isa = PBXFileReference; fileEncoding = 4; lastKnownFileType = sourcecode.swift; path = CoreDataDeleteOps.swift; sourceTree = "<group>"; };
		5EB08C5523D91CE1005C6A73 /* CoreDataManager.swift */ = {isa = PBXFileReference; fileEncoding = 4; lastKnownFileType = sourcecode.swift; path = CoreDataManager.swift; sourceTree = "<group>"; };
		5EB08C5623D91CE1005C6A73 /* CoreDataFetchOps.swift */ = {isa = PBXFileReference; fileEncoding = 4; lastKnownFileType = sourcecode.swift; path = CoreDataFetchOps.swift; sourceTree = "<group>"; };
		5EB08C5723D91CE1005C6A73 /* AnswerModel.swift */ = {isa = PBXFileReference; fileEncoding = 4; lastKnownFileType = sourcecode.swift; path = AnswerModel.swift; sourceTree = "<group>"; };
		5EB08C5823D91CE1005C6A73 /* QuestionModel.swift */ = {isa = PBXFileReference; fileEncoding = 4; lastKnownFileType = sourcecode.swift; path = QuestionModel.swift; sourceTree = "<group>"; };
		5EB08C6023D97682005C6A73 /* QuestionParser.swift */ = {isa = PBXFileReference; lastKnownFileType = sourcecode.swift; path = QuestionParser.swift; sourceTree = "<group>"; };
		5EB08C6223D981BD005C6A73 /* UpdateDelegate.swift */ = {isa = PBXFileReference; lastKnownFileType = sourcecode.swift; path = UpdateDelegate.swift; sourceTree = "<group>"; };
		5EE84CA623CA50A200BA1627 /* StackOverflowProject.app */ = {isa = PBXFileReference; explicitFileType = wrapper.application; includeInIndex = 0; path = StackOverflowProject.app; sourceTree = BUILT_PRODUCTS_DIR; };
		5EE84CA923CA50A200BA1627 /* AppDelegate.swift */ = {isa = PBXFileReference; lastKnownFileType = sourcecode.swift; path = AppDelegate.swift; sourceTree = "<group>"; };
		5EE84CAB23CA50A200BA1627 /* SceneDelegate.swift */ = {isa = PBXFileReference; lastKnownFileType = sourcecode.swift; path = SceneDelegate.swift; sourceTree = "<group>"; };
		5EE84CAD23CA50A200BA1627 /* SearchViewController.swift */ = {isa = PBXFileReference; lastKnownFileType = sourcecode.swift; path = SearchViewController.swift; sourceTree = "<group>"; };
		5EE84CB323CA50A200BA1627 /* StackOverflowProject.xcdatamodel */ = {isa = PBXFileReference; lastKnownFileType = wrapper.xcdatamodel; path = StackOverflowProject.xcdatamodel; sourceTree = "<group>"; };
		5EE84CB523CA50A400BA1627 /* Assets.xcassets */ = {isa = PBXFileReference; lastKnownFileType = folder.assetcatalog; path = Assets.xcassets; sourceTree = "<group>"; };
		5EE84CB823CA50A400BA1627 /* Base */ = {isa = PBXFileReference; lastKnownFileType = file.storyboard; name = Base; path = Base.lproj/LaunchScreen.storyboard; sourceTree = "<group>"; };
		5EE84CBA23CA50A400BA1627 /* Info.plist */ = {isa = PBXFileReference; lastKnownFileType = text.plist.xml; path = Info.plist; sourceTree = "<group>"; };
		5EE84CBF23CA50A500BA1627 /* StackOverflowProjectTests.xctest */ = {isa = PBXFileReference; explicitFileType = wrapper.cfbundle; includeInIndex = 0; path = StackOverflowProjectTests.xctest; sourceTree = BUILT_PRODUCTS_DIR; };
		5EE84CC323CA50A500BA1627 /* StackOverflowProjectTests.swift */ = {isa = PBXFileReference; lastKnownFileType = sourcecode.swift; path = StackOverflowProjectTests.swift; sourceTree = "<group>"; };
		5EE84CC523CA50A500BA1627 /* Info.plist */ = {isa = PBXFileReference; lastKnownFileType = text.plist.xml; path = Info.plist; sourceTree = "<group>"; };
		5EE84CCA23CA50A500BA1627 /* StackOverflowProjectUITests.xctest */ = {isa = PBXFileReference; explicitFileType = wrapper.cfbundle; includeInIndex = 0; path = StackOverflowProjectUITests.xctest; sourceTree = BUILT_PRODUCTS_DIR; };
		5EE84CCE23CA50A500BA1627 /* StackOverflowProjectUITests.swift */ = {isa = PBXFileReference; lastKnownFileType = sourcecode.swift; path = StackOverflowProjectUITests.swift; sourceTree = "<group>"; };
		5EE84CD023CA50A500BA1627 /* Info.plist */ = {isa = PBXFileReference; lastKnownFileType = text.plist.xml; path = Info.plist; sourceTree = "<group>"; };
		5EE84CDE23CA820A00BA1627 /* NetworkManager.swift */ = {isa = PBXFileReference; lastKnownFileType = sourcecode.swift; path = NetworkManager.swift; sourceTree = "<group>"; };
		5EE84CE023CA905D00BA1627 /* SearchData.swift */ = {isa = PBXFileReference; lastKnownFileType = sourcecode.swift; path = SearchData.swift; sourceTree = "<group>"; };
		5EE84CE223CA921C00BA1627 /* SearchParser.swift */ = {isa = PBXFileReference; lastKnownFileType = sourcecode.swift; path = SearchParser.swift; sourceTree = "<group>"; };
		5EE84CE423CA941700BA1627 /* search.json */ = {isa = PBXFileReference; fileEncoding = 4; lastKnownFileType = text.json; name = search.json; path = testFiles/search.json; sourceTree = SOURCE_ROOT; };
		5EE84CE823CB023F00BA1627 /* QuestionDetailViewController.swift */ = {isa = PBXFileReference; lastKnownFileType = sourcecode.swift; path = QuestionDetailViewController.swift; sourceTree = "<group>"; };
		5EE9DEAC23CFAF3A00D7FAF8 /* Data.swift */ = {isa = PBXFileReference; lastKnownFileType = sourcecode.swift; path = Data.swift; sourceTree = "<group>"; };
		5EE9DEB023CFB12100D7FAF8 /* String.swift */ = {isa = PBXFileReference; lastKnownFileType = sourcecode.swift; path = String.swift; sourceTree = "<group>"; };
		5EE9DEB323CFE83900D7FAF8 /* question.json */ = {isa = PBXFileReference; fileEncoding = 4; lastKnownFileType = text.json; name = question.json; path = testFiles/question.json; sourceTree = SOURCE_ROOT; };
		5EE9DEB823CFF11100D7FAF8 /* QuestionTableViewCell.swift */ = {isa = PBXFileReference; lastKnownFileType = sourcecode.swift; path = QuestionTableViewCell.swift; sourceTree = "<group>"; };
		5EE9DEBA23D1080600D7FAF8 /* AnswerItems.swift */ = {isa = PBXFileReference; lastKnownFileType = sourcecode.swift; path = AnswerItems.swift; sourceTree = "<group>"; };
		5EE9DEBC23D108EC00D7FAF8 /* AnswerParser.swift */ = {isa = PBXFileReference; lastKnownFileType = sourcecode.swift; path = AnswerParser.swift; sourceTree = "<group>"; };
		5EE9DEBE23D13F8B00D7FAF8 /* answers.json */ = {isa = PBXFileReference; fileEncoding = 4; lastKnownFileType = text.json; name = answers.json; path = testFiles/answers.json; sourceTree = SOURCE_ROOT; };
		5EEBB07223DE561100CFB96C /* QuestionData.swift */ = {isa = PBXFileReference; lastKnownFileType = sourcecode.swift; path = QuestionData.swift; sourceTree = "<group>"; };
		5EEBB07423DE88A200CFB96C /* NewPostViewController.swift */ = {isa = PBXFileReference; lastKnownFileType = sourcecode.swift; path = NewPostViewController.swift; sourceTree = "<group>"; };
		7F652C19E2D1B192448EF548 /* Pods_StackOverflowProjectTests.framework */ = {isa = PBXFileReference; explicitFileType = wrapper.framework; includeInIndex = 0; path = Pods_StackOverflowProjectTests.framework; sourceTree = BUILT_PRODUCTS_DIR; };
		804952038DC44A68E2A21F1D /* Pods_StackOverflowProject.framework */ = {isa = PBXFileReference; explicitFileType = wrapper.framework; includeInIndex = 0; path = Pods_StackOverflowProject.framework; sourceTree = BUILT_PRODUCTS_DIR; };
/* End PBXFileReference section */

/* Begin PBXFrameworksBuildPhase section */
		5EE84CA323CA50A200BA1627 /* Frameworks */ = {
			isa = PBXFrameworksBuildPhase;
			buildActionMask = 2147483647;
			files = (
			);
			runOnlyForDeploymentPostprocessing = 0;
		};
		5EE84CBC23CA50A500BA1627 /* Frameworks */ = {
			isa = PBXFrameworksBuildPhase;
			buildActionMask = 2147483647;
			files = (
				78E3348356B0249D30A1393F /* Pods_StackOverflowProjectTests.framework in Frameworks */,
			);
			runOnlyForDeploymentPostprocessing = 0;
		};
		5EE84CC723CA50A500BA1627 /* Frameworks */ = {
			isa = PBXFrameworksBuildPhase;
			buildActionMask = 2147483647;
			files = (
				EB529E82E6214AABB01EB753 /* Pods_StackOverflowProject_StackOverflowProjectUITests.framework in Frameworks */,
			);
			runOnlyForDeploymentPostprocessing = 0;
		};
/* End PBXFrameworksBuildPhase section */

/* Begin PBXGroup section */
		5D9B860234D3CAE6D356CFF7 /* Frameworks */ = {
			isa = PBXGroup;
			children = (
				804952038DC44A68E2A21F1D /* Pods_StackOverflowProject.framework */,
				28138F9BE041760D7C50DDCA /* Pods_StackOverflowProject_StackOverflowProjectUITests.framework */,
				7F652C19E2D1B192448EF548 /* Pods_StackOverflowProjectTests.framework */,
			);
			name = Frameworks;
			sourceTree = "<group>";
		};
		5E8D424023E3E62200D4D6B9 /* LoginVC */ = {
			isa = PBXGroup;
			children = (
				5E76EA5123CEDEC2009E2972 /* LoginViewController.swift */,
				5E8D423C23E3D8B100D4D6B9 /* LoginView.swift */,
				5E8D423E23E3D8BF00D4D6B9 /* LoginViewModel.swift */,
				5E76EA5823CF8088009E2972 /* Session.swift */,
			);
			name = LoginVC;
			sourceTree = "<group>";
		};
		5E8D424123E3E64E00D4D6B9 /* SearchVC */ = {
			isa = PBXGroup;
			children = (
				5EE84CAD23CA50A200BA1627 /* SearchViewController.swift */,
				5E4CFA7E23E2696E00800E8C /* SearchView.swift */,
				5E4CFA8023E2698C00800E8C /* SearchViewModel.swift */,
			);
			name = SearchVC;
			sourceTree = "<group>";
		};
		5E8D424223E3E67000D4D6B9 /* NewPostVC */ = {
			isa = PBXGroup;
			children = (
				5EEBB07423DE88A200CFB96C /* NewPostViewController.swift */,
				5E9E9A6423E1545000CC767F /* NewPostView.swift */,
				5E9E9A6623E1615100CC767F /* NewPostViewModel.swift */,
			);
			name = NewPostVC;
			sourceTree = "<group>";
		};
		5E8D424323E3E6A500D4D6B9 /* QustionDetailVC */ = {
			isa = PBXGroup;
			children = (
				5EE84CE823CB023F00BA1627 /* QuestionDetailViewController.swift */,
				5E4CFA8623E29EC100800E8C /* QuestionDetailView.swift */,
				5E4CFA8423E29DB000800E8C /* QuestionDetailViewModel.swift */,
				5E8D423A23E3B3A100D4D6B9 /* PostTableViewCell.swift */,
				5EE9DEB823CFF11100D7FAF8 /* QuestionTableViewCell.swift */,
				5EB08C4F23D912E5005C6A73 /* AnswerTableViewCell.swift */,
				5EB08C6223D981BD005C6A73 /* UpdateDelegate.swift */,
			);
			name = QustionDetailVC;
			sourceTree = "<group>";
		};
		5EB08C5123D91CB5005C6A73 /* CoreData */ = {
			isa = PBXGroup;
			children = (
				5EB08C5723D91CE1005C6A73 /* AnswerModel.swift */,
				5EB08C5423D91CE1005C6A73 /* CoreDataDeleteOps.swift */,
				5EB08C5623D91CE1005C6A73 /* CoreDataFetchOps.swift */,
				5EB08C5523D91CE1005C6A73 /* CoreDataManager.swift */,
				5EB08C5223D91CE1005C6A73 /* CoreDataSaveOps.swift */,
				5EB08C5323D91CE1005C6A73 /* CoreDataUpdateOps.swift */,
				5EB08C5823D91CE1005C6A73 /* QuestionModel.swift */,
			);
			name = CoreData;
			sourceTree = "<group>";
		};
		5EE84C9D23CA50A200BA1627 = {
			isa = PBXGroup;
			children = (
				5EE84CA823CA50A200BA1627 /* StackOverflowProject */,
				5EE84CC223CA50A500BA1627 /* StackOverflowProjectTests */,
				5EE84CCD23CA50A500BA1627 /* StackOverflowProjectUITests */,
				5EE84CA723CA50A200BA1627 /* Products */,
				5D9B860234D3CAE6D356CFF7 /* Frameworks */,
			);
			sourceTree = "<group>";
		};
		5EE84CA723CA50A200BA1627 /* Products */ = {
			isa = PBXGroup;
			children = (
				5EE84CA623CA50A200BA1627 /* StackOverflowProject.app */,
				5EE84CBF23CA50A500BA1627 /* StackOverflowProjectTests.xctest */,
				5EE84CCA23CA50A500BA1627 /* StackOverflowProjectUITests.xctest */,
			);
			name = Products;
			sourceTree = "<group>";
		};
		5EE84CA823CA50A200BA1627 /* StackOverflowProject */ = {
			isa = PBXGroup;
			children = (
				5EB08C5123D91CB5005C6A73 /* CoreData */,
				5EE9DEB723CFE8F000D7FAF8 /* Parsers */,
				5EE9DEB223CFB89200D7FAF8 /* Extension */,
				5EE84CA923CA50A200BA1627 /* AppDelegate.swift */,
				5EE84CAB23CA50A200BA1627 /* SceneDelegate.swift */,
				5E76EA5323CEE22A009E2972 /* APIKeys.swift */,
				5E9E9A6223E136A300CC767F /* URLBuilder.swift */,
				5EE84CDE23CA820A00BA1627 /* NetworkManager.swift */,
				5E8D424023E3E62200D4D6B9 /* LoginVC */,
				5E8D424123E3E64E00D4D6B9 /* SearchVC */,
				5E8D424223E3E67000D4D6B9 /* NewPostVC */,
				5E8D424323E3E6A500D4D6B9 /* QustionDetailVC */,
				5EE84CB523CA50A400BA1627 /* Assets.xcassets */,
				5EE84CB723CA50A400BA1627 /* LaunchScreen.storyboard */,
				5EE84CBA23CA50A400BA1627 /* Info.plist */,
				5EE84CB223CA50A200BA1627 /* StackOverflowProject.xcdatamodeld */,
			);
			path = StackOverflowProject;
			sourceTree = "<group>";
		};
		5EE84CC223CA50A500BA1627 /* StackOverflowProjectTests */ = {
			isa = PBXGroup;
			children = (
				5EE84CC323CA50A500BA1627 /* StackOverflowProjectTests.swift */,
				5EE84CE423CA941700BA1627 /* search.json */,
				5EE9DEB323CFE83900D7FAF8 /* question.json */,
				5EE9DEBE23D13F8B00D7FAF8 /* answers.json */,
				5EE84CC523CA50A500BA1627 /* Info.plist */,
			);
			path = StackOverflowProjectTests;
			sourceTree = "<group>";
		};
		5EE84CCD23CA50A500BA1627 /* StackOverflowProjectUITests */ = {
			isa = PBXGroup;
			children = (
				5EE84CCE23CA50A500BA1627 /* StackOverflowProjectUITests.swift */,
				5EE84CD023CA50A500BA1627 /* Info.plist */,
			);
			path = StackOverflowProjectUITests;
			sourceTree = "<group>";
		};
		5EE9DEB223CFB89200D7FAF8 /* Extension */ = {
			isa = PBXGroup;
			children = (
				5EE9DEAC23CFAF3A00D7FAF8 /* Data.swift */,
				5EE9DEB023CFB12100D7FAF8 /* String.swift */,
			);
			name = Extension;
			sourceTree = "<group>";
		};
		5EE9DEB723CFE8F000D7FAF8 /* Parsers */ = {
			isa = PBXGroup;
			children = (
				5EE84CE023CA905D00BA1627 /* SearchData.swift */,
				5EEBB07223DE561100CFB96C /* QuestionData.swift */,
				5EE9DEBA23D1080600D7FAF8 /* AnswerItems.swift */,
				5EE84CE223CA921C00BA1627 /* SearchParser.swift */,
				5EB08C6023D97682005C6A73 /* QuestionParser.swift */,
				5EE9DEBC23D108EC00D7FAF8 /* AnswerParser.swift */,
			);
			name = Parsers;
			sourceTree = "<group>";
		};
/* End PBXGroup section */

/* Begin PBXNativeTarget section */
		5EE84CA523CA50A200BA1627 /* StackOverflowProject */ = {
			isa = PBXNativeTarget;
			buildConfigurationList = 5EE84CD323CA50A500BA1627 /* Build configuration list for PBXNativeTarget "StackOverflowProject" */;
			buildPhases = (
				5EE84CA223CA50A200BA1627 /* Sources */,
				5EE84CA323CA50A200BA1627 /* Frameworks */,
				5EE84CA423CA50A200BA1627 /* Resources */,
				5EE84CEA23CB05B000BA1627 /* ShellScript */,
			);
			buildRules = (
			);
			dependencies = (
			);
			name = StackOverflowProject;
			productName = StackOverflowProject;
			productReference = 5EE84CA623CA50A200BA1627 /* StackOverflowProject.app */;
			productType = "com.apple.product-type.application";
		};
		5EE84CBE23CA50A500BA1627 /* StackOverflowProjectTests */ = {
			isa = PBXNativeTarget;
			buildConfigurationList = 5EE84CD623CA50A500BA1627 /* Build configuration list for PBXNativeTarget "StackOverflowProjectTests" */;
			buildPhases = (
				5EE84CBB23CA50A500BA1627 /* Sources */,
				5EE84CBC23CA50A500BA1627 /* Frameworks */,
				5EE84CBD23CA50A500BA1627 /* Resources */,
			);
			buildRules = (
			);
			dependencies = (
				5EE84CC123CA50A500BA1627 /* PBXTargetDependency */,
			);
			name = StackOverflowProjectTests;
			productName = StackOverflowProjectTests;
			productReference = 5EE84CBF23CA50A500BA1627 /* StackOverflowProjectTests.xctest */;
			productType = "com.apple.product-type.bundle.unit-test";
		};
		5EE84CC923CA50A500BA1627 /* StackOverflowProjectUITests */ = {
			isa = PBXNativeTarget;
			buildConfigurationList = 5EE84CD923CA50A500BA1627 /* Build configuration list for PBXNativeTarget "StackOverflowProjectUITests" */;
			buildPhases = (
				5EE84CC623CA50A500BA1627 /* Sources */,
				5EE84CC723CA50A500BA1627 /* Frameworks */,
				5EE84CC823CA50A500BA1627 /* Resources */,
			);
			buildRules = (
			);
			dependencies = (
				5EE84CCC23CA50A500BA1627 /* PBXTargetDependency */,
			);
			name = StackOverflowProjectUITests;
			productName = StackOverflowProjectUITests;
			productReference = 5EE84CCA23CA50A500BA1627 /* StackOverflowProjectUITests.xctest */;
			productType = "com.apple.product-type.bundle.ui-testing";
		};
/* End PBXNativeTarget section */

/* Begin PBXProject section */
		5EE84C9E23CA50A200BA1627 /* Project object */ = {
			isa = PBXProject;
			attributes = {
				LastSwiftUpdateCheck = 1130;
				LastUpgradeCheck = 1130;
				ORGANIZATIONNAME = dirtbag;
				TargetAttributes = {
					5EE84CA523CA50A200BA1627 = {
						CreatedOnToolsVersion = 11.3;
					};
					5EE84CBE23CA50A500BA1627 = {
						CreatedOnToolsVersion = 11.3;
						TestTargetID = 5EE84CA523CA50A200BA1627;
					};
					5EE84CC923CA50A500BA1627 = {
						CreatedOnToolsVersion = 11.3;
						TestTargetID = 5EE84CA523CA50A200BA1627;
					};
				};
			};
			buildConfigurationList = 5EE84CA123CA50A200BA1627 /* Build configuration list for PBXProject "StackOverflowProject" */;
			compatibilityVersion = "Xcode 9.3";
			developmentRegion = en;
			hasScannedForEncodings = 0;
			knownRegions = (
				en,
				Base,
			);
			mainGroup = 5EE84C9D23CA50A200BA1627;
			productRefGroup = 5EE84CA723CA50A200BA1627 /* Products */;
			projectDirPath = "";
			projectRoot = "";
			targets = (
				5EE84CA523CA50A200BA1627 /* StackOverflowProject */,
				5EE84CBE23CA50A500BA1627 /* StackOverflowProjectTests */,
				5EE84CC923CA50A500BA1627 /* StackOverflowProjectUITests */,
			);
		};
/* End PBXProject section */

/* Begin PBXResourcesBuildPhase section */
		5EE84CA423CA50A200BA1627 /* Resources */ = {
			isa = PBXResourcesBuildPhase;
			buildActionMask = 2147483647;
			files = (
				5EE84CB923CA50A400BA1627 /* LaunchScreen.storyboard in Resources */,
				5EE84CB623CA50A400BA1627 /* Assets.xcassets in Resources */,
			);
			runOnlyForDeploymentPostprocessing = 0;
		};
		5EE84CBD23CA50A500BA1627 /* Resources */ = {
			isa = PBXResourcesBuildPhase;
			buildActionMask = 2147483647;
			files = (
				5EE84CE523CA941700BA1627 /* search.json in Resources */,
				5EE9DEBF23D13F8B00D7FAF8 /* answers.json in Resources */,
				5EE9DEB423CFE83900D7FAF8 /* question.json in Resources */,
			);
			runOnlyForDeploymentPostprocessing = 0;
		};
		5EE84CC823CA50A500BA1627 /* Resources */ = {
			isa = PBXResourcesBuildPhase;
			buildActionMask = 2147483647;
			files = (
			);
			runOnlyForDeploymentPostprocessing = 0;
		};
/* End PBXResourcesBuildPhase section */

/* Begin PBXShellScriptBuildPhase section */
		5EE84CEA23CB05B000BA1627 /* ShellScript */ = {
			isa = PBXShellScriptBuildPhase;
			buildActionMask = 2147483647;
			files = (
			);
			inputFileListPaths = (
			);
			inputPaths = (
			);
			outputFileListPaths = (
			);
			outputPaths = (
			);
			runOnlyForDeploymentPostprocessing = 0;
			shellPath = /bin/sh;
			shellScript = "if which swiftlint >/dev/null; then\n  swiftlint\nelse\n  echo \"warning: SwiftLint not installed, download from https://github.com/realm/SwiftLint\"\nfi\n";
		};
/* End PBXShellScriptBuildPhase section */

/* Begin PBXSourcesBuildPhase section */
		5EE84CA223CA50A200BA1627 /* Sources */ = {
			isa = PBXSourcesBuildPhase;
			buildActionMask = 2147483647;
			files = (
				5EB08C5B23D91CE2005C6A73 /* CoreDataDeleteOps.swift in Sources */,
				5EB08C5023D912E5005C6A73 /* AnswerTableViewCell.swift in Sources */,
				5EEBB07323DE561100CFB96C /* QuestionData.swift in Sources */,
				5E76EA5923CF8088009E2972 /* Session.swift in Sources */,
				5EE9DEB923CFF11100D7FAF8 /* QuestionTableViewCell.swift in Sources */,
				5E9E9A6323E136A300CC767F /* URLBuilder.swift in Sources */,
				5EE84CE323CA921C00BA1627 /* SearchParser.swift in Sources */,
				5EB08C6123D97683005C6A73 /* QuestionParser.swift in Sources */,
				5E8D423F23E3D8BF00D4D6B9 /* LoginViewModel.swift in Sources */,
				5EE84CAE23CA50A200BA1627 /* SearchViewController.swift in Sources */,
				5E4CFA7F23E2696E00800E8C /* SearchView.swift in Sources */,
				5EB08C5D23D91CE2005C6A73 /* CoreDataFetchOps.swift in Sources */,
				5EB08C5C23D91CE2005C6A73 /* CoreDataManager.swift in Sources */,
				5EE84CE123CA905D00BA1627 /* SearchData.swift in Sources */,
				5E4CFA8723E29EC100800E8C /* QuestionDetailView.swift in Sources */,
				5E4CFA8523E29DB000800E8C /* QuestionDetailViewModel.swift in Sources */,
				5E8D423D23E3D8B100D4D6B9 /* LoginView.swift in Sources */,
				5E4CFA8123E2698C00800E8C /* SearchViewModel.swift in Sources */,
				5E9E9A6723E1615100CC767F /* NewPostViewModel.swift in Sources */,
				5EE84CDF23CA820A00BA1627 /* NetworkManager.swift in Sources */,
				5EB08C6323D981BD005C6A73 /* UpdateDelegate.swift in Sources */,
				5EE9DEBD23D108EC00D7FAF8 /* AnswerParser.swift in Sources */,
				5EB08C5F23D91CE2005C6A73 /* QuestionModel.swift in Sources */,
				5EE9DEAD23CFAF3A00D7FAF8 /* Data.swift in Sources */,
				5EE9DEBB23D1080600D7FAF8 /* AnswerItems.swift in Sources */,
				5EB08C5E23D91CE2005C6A73 /* AnswerModel.swift in Sources */,
				5EB08C5A23D91CE2005C6A73 /* CoreDataUpdateOps.swift in Sources */,
				5E76EA5423CEE22A009E2972 /* APIKeys.swift in Sources */,
				5EE84CE923CB023F00BA1627 /* QuestionDetailViewController.swift in Sources */,
				5EE84CAA23CA50A200BA1627 /* AppDelegate.swift in Sources */,
				5EE84CB423CA50A200BA1627 /* StackOverflowProject.xcdatamodeld in Sources */,
				5EB08C5923D91CE2005C6A73 /* CoreDataSaveOps.swift in Sources */,
				5EE9DEB123CFB12100D7FAF8 /* String.swift in Sources */,
				5EE84CAC23CA50A200BA1627 /* SceneDelegate.swift in Sources */,
				5E76EA5223CEDEC2009E2972 /* LoginViewController.swift in Sources */,
				5E9E9A6523E1545000CC767F /* NewPostView.swift in Sources */,
				5E8D423B23E3B3A100D4D6B9 /* PostTableViewCell.swift in Sources */,
				5EEBB07523DE88A200CFB96C /* NewPostViewController.swift in Sources */,
			);
			runOnlyForDeploymentPostprocessing = 0;
		};
		5EE84CBB23CA50A500BA1627 /* Sources */ = {
			isa = PBXSourcesBuildPhase;
			buildActionMask = 2147483647;
			files = (
				5EE84CC423CA50A500BA1627 /* StackOverflowProjectTests.swift in Sources */,
			);
			runOnlyForDeploymentPostprocessing = 0;
		};
		5EE84CC623CA50A500BA1627 /* Sources */ = {
			isa = PBXSourcesBuildPhase;
			buildActionMask = 2147483647;
			files = (
				5EE84CCF23CA50A500BA1627 /* StackOverflowProjectUITests.swift in Sources */,
			);
			runOnlyForDeploymentPostprocessing = 0;
		};
/* End PBXSourcesBuildPhase section */

/* Begin PBXTargetDependency section */
		5EE84CC123CA50A500BA1627 /* PBXTargetDependency */ = {
			isa = PBXTargetDependency;
			target = 5EE84CA523CA50A200BA1627 /* StackOverflowProject */;
			targetProxy = 5EE84CC023CA50A500BA1627 /* PBXContainerItemProxy */;
		};
		5EE84CCC23CA50A500BA1627 /* PBXTargetDependency */ = {
			isa = PBXTargetDependency;
			target = 5EE84CA523CA50A200BA1627 /* StackOverflowProject */;
			targetProxy = 5EE84CCB23CA50A500BA1627 /* PBXContainerItemProxy */;
		};
/* End PBXTargetDependency section */

/* Begin PBXVariantGroup section */
		5EE84CB723CA50A400BA1627 /* LaunchScreen.storyboard */ = {
			isa = PBXVariantGroup;
			children = (
				5EE84CB823CA50A400BA1627 /* Base */,
			);
			name = LaunchScreen.storyboard;
			sourceTree = "<group>";
		};
/* End PBXVariantGroup section */

/* Begin XCBuildConfiguration section */
		5EE84CD123CA50A500BA1627 /* Debug */ = {
			isa = XCBuildConfiguration;
			buildSettings = {
				ALWAYS_SEARCH_USER_PATHS = NO;
				CLANG_ANALYZER_NONNULL = YES;
				CLANG_ANALYZER_NUMBER_OBJECT_CONVERSION = YES_AGGRESSIVE;
				CLANG_CXX_LANGUAGE_STANDARD = "gnu++14";
				CLANG_CXX_LIBRARY = "libc++";
				CLANG_ENABLE_MODULES = YES;
				CLANG_ENABLE_OBJC_ARC = YES;
				CLANG_ENABLE_OBJC_WEAK = YES;
				CLANG_WARN_BLOCK_CAPTURE_AUTORELEASING = YES;
				CLANG_WARN_BOOL_CONVERSION = YES;
				CLANG_WARN_COMMA = YES;
				CLANG_WARN_CONSTANT_CONVERSION = YES;
				CLANG_WARN_DEPRECATED_OBJC_IMPLEMENTATIONS = YES;
				CLANG_WARN_DIRECT_OBJC_ISA_USAGE = YES_ERROR;
				CLANG_WARN_DOCUMENTATION_COMMENTS = YES;
				CLANG_WARN_EMPTY_BODY = YES;
				CLANG_WARN_ENUM_CONVERSION = YES;
				CLANG_WARN_INFINITE_RECURSION = YES;
				CLANG_WARN_INT_CONVERSION = YES;
				CLANG_WARN_NON_LITERAL_NULL_CONVERSION = YES;
				CLANG_WARN_OBJC_IMPLICIT_RETAIN_SELF = YES;
				CLANG_WARN_OBJC_LITERAL_CONVERSION = YES;
				CLANG_WARN_OBJC_ROOT_CLASS = YES_ERROR;
				CLANG_WARN_RANGE_LOOP_ANALYSIS = YES;
				CLANG_WARN_STRICT_PROTOTYPES = YES;
				CLANG_WARN_SUSPICIOUS_MOVE = YES;
				CLANG_WARN_UNGUARDED_AVAILABILITY = YES_AGGRESSIVE;
				CLANG_WARN_UNREACHABLE_CODE = YES;
				CLANG_WARN__DUPLICATE_METHOD_MATCH = YES;
				COPY_PHASE_STRIP = NO;
				DEBUG_INFORMATION_FORMAT = dwarf;
				ENABLE_STRICT_OBJC_MSGSEND = YES;
				ENABLE_TESTABILITY = YES;
				GCC_C_LANGUAGE_STANDARD = gnu11;
				GCC_DYNAMIC_NO_PIC = NO;
				GCC_NO_COMMON_BLOCKS = YES;
				GCC_OPTIMIZATION_LEVEL = 0;
				GCC_PREPROCESSOR_DEFINITIONS = (
					"DEBUG=1",
					"$(inherited)",
				);
				GCC_WARN_64_TO_32_BIT_CONVERSION = YES;
				GCC_WARN_ABOUT_RETURN_TYPE = YES_ERROR;
				GCC_WARN_UNDECLARED_SELECTOR = YES;
				GCC_WARN_UNINITIALIZED_AUTOS = YES_AGGRESSIVE;
				GCC_WARN_UNUSED_FUNCTION = YES;
				GCC_WARN_UNUSED_VARIABLE = YES;
				IPHONEOS_DEPLOYMENT_TARGET = 12.3;
				MTL_ENABLE_DEBUG_INFO = INCLUDE_SOURCE;
				MTL_FAST_MATH = YES;
				ONLY_ACTIVE_ARCH = YES;
				SDKROOT = iphoneos;
				SWIFT_ACTIVE_COMPILATION_CONDITIONS = DEBUG;
				SWIFT_OPTIMIZATION_LEVEL = "-Onone";
			};
			name = Debug;
		};
		5EE84CD223CA50A500BA1627 /* Release */ = {
			isa = XCBuildConfiguration;
			buildSettings = {
				ALWAYS_SEARCH_USER_PATHS = NO;
				CLANG_ANALYZER_NONNULL = YES;
				CLANG_ANALYZER_NUMBER_OBJECT_CONVERSION = YES_AGGRESSIVE;
				CLANG_CXX_LANGUAGE_STANDARD = "gnu++14";
				CLANG_CXX_LIBRARY = "libc++";
				CLANG_ENABLE_MODULES = YES;
				CLANG_ENABLE_OBJC_ARC = YES;
				CLANG_ENABLE_OBJC_WEAK = YES;
				CLANG_WARN_BLOCK_CAPTURE_AUTORELEASING = YES;
				CLANG_WARN_BOOL_CONVERSION = YES;
				CLANG_WARN_COMMA = YES;
				CLANG_WARN_CONSTANT_CONVERSION = YES;
				CLANG_WARN_DEPRECATED_OBJC_IMPLEMENTATIONS = YES;
				CLANG_WARN_DIRECT_OBJC_ISA_USAGE = YES_ERROR;
				CLANG_WARN_DOCUMENTATION_COMMENTS = YES;
				CLANG_WARN_EMPTY_BODY = YES;
				CLANG_WARN_ENUM_CONVERSION = YES;
				CLANG_WARN_INFINITE_RECURSION = YES;
				CLANG_WARN_INT_CONVERSION = YES;
				CLANG_WARN_NON_LITERAL_NULL_CONVERSION = YES;
				CLANG_WARN_OBJC_IMPLICIT_RETAIN_SELF = YES;
				CLANG_WARN_OBJC_LITERAL_CONVERSION = YES;
				CLANG_WARN_OBJC_ROOT_CLASS = YES_ERROR;
				CLANG_WARN_RANGE_LOOP_ANALYSIS = YES;
				CLANG_WARN_STRICT_PROTOTYPES = YES;
				CLANG_WARN_SUSPICIOUS_MOVE = YES;
				CLANG_WARN_UNGUARDED_AVAILABILITY = YES_AGGRESSIVE;
				CLANG_WARN_UNREACHABLE_CODE = YES;
				CLANG_WARN__DUPLICATE_METHOD_MATCH = YES;
				COPY_PHASE_STRIP = NO;
				DEBUG_INFORMATION_FORMAT = "dwarf-with-dsym";
				ENABLE_NS_ASSERTIONS = NO;
				ENABLE_STRICT_OBJC_MSGSEND = YES;
				GCC_C_LANGUAGE_STANDARD = gnu11;
				GCC_NO_COMMON_BLOCKS = YES;
				GCC_WARN_64_TO_32_BIT_CONVERSION = YES;
				GCC_WARN_ABOUT_RETURN_TYPE = YES_ERROR;
				GCC_WARN_UNDECLARED_SELECTOR = YES;
				GCC_WARN_UNINITIALIZED_AUTOS = YES_AGGRESSIVE;
				GCC_WARN_UNUSED_FUNCTION = YES;
				GCC_WARN_UNUSED_VARIABLE = YES;
				IPHONEOS_DEPLOYMENT_TARGET = 12.3;
				MTL_ENABLE_DEBUG_INFO = NO;
				MTL_FAST_MATH = YES;
				SDKROOT = iphoneos;
				SWIFT_COMPILATION_MODE = wholemodule;
				SWIFT_OPTIMIZATION_LEVEL = "-O";
				VALIDATE_PRODUCT = YES;
			};
			name = Release;
		};
		5EE84CD423CA50A500BA1627 /* Debug */ = {
			isa = XCBuildConfiguration;
			buildSettings = {
				ASSETCATALOG_COMPILER_APPICON_NAME = AppIcon;
				CODE_SIGN_STYLE = Automatic;
				INFOPLIST_FILE = StackOverflowProject/Info.plist;
				LD_RUNPATH_SEARCH_PATHS = (
					"$(inherited)",
					"@executable_path/Frameworks",
				);
				PRODUCT_BUNDLE_IDENTIFIER = com.mcgoldricksolutions.StackOverflowProject;
				PRODUCT_NAME = "$(TARGET_NAME)";
				SWIFT_VERSION = 5.0;
				TARGETED_DEVICE_FAMILY = "1,2";
			};
			name = Debug;
		};
		5EE84CD523CA50A500BA1627 /* Release */ = {
			isa = XCBuildConfiguration;
			buildSettings = {
				ASSETCATALOG_COMPILER_APPICON_NAME = AppIcon;
				CODE_SIGN_STYLE = Automatic;
				INFOPLIST_FILE = StackOverflowProject/Info.plist;
				LD_RUNPATH_SEARCH_PATHS = (
					"$(inherited)",
					"@executable_path/Frameworks",
				);
				PRODUCT_BUNDLE_IDENTIFIER = com.mcgoldricksolutions.StackOverflowProject;
				PRODUCT_NAME = "$(TARGET_NAME)";
				SWIFT_VERSION = 5.0;
				TARGETED_DEVICE_FAMILY = "1,2";
			};
			name = Release;
		};
		5EE84CD723CA50A500BA1627 /* Debug */ = {
			isa = XCBuildConfiguration;
			buildSettings = {
				ALWAYS_EMBED_SWIFT_STANDARD_LIBRARIES = YES;
				BUNDLE_LOADER = "$(TEST_HOST)";
				CODE_SIGN_STYLE = Automatic;
				INFOPLIST_FILE = StackOverflowProjectTests/Info.plist;
				IPHONEOS_DEPLOYMENT_TARGET = 13.2;
				LD_RUNPATH_SEARCH_PATHS = (
					"$(inherited)",
					"@executable_path/Frameworks",
					"@loader_path/Frameworks",
				);
				PRODUCT_BUNDLE_IDENTIFIER = com.mcgoldricksolutions.StackOverflowProjectTests;
				PRODUCT_NAME = "$(TARGET_NAME)";
				SWIFT_VERSION = 5.0;
				TARGETED_DEVICE_FAMILY = "1,2";
				TEST_HOST = "$(BUILT_PRODUCTS_DIR)/StackOverflowProject.app/StackOverflowProject";
			};
			name = Debug;
		};
		5EE84CD823CA50A500BA1627 /* Release */ = {
			isa = XCBuildConfiguration;
			buildSettings = {
				ALWAYS_EMBED_SWIFT_STANDARD_LIBRARIES = YES;
				BUNDLE_LOADER = "$(TEST_HOST)";
				CODE_SIGN_STYLE = Automatic;
				INFOPLIST_FILE = StackOverflowProjectTests/Info.plist;
				IPHONEOS_DEPLOYMENT_TARGET = 13.2;
				LD_RUNPATH_SEARCH_PATHS = (
					"$(inherited)",
					"@executable_path/Frameworks",
					"@loader_path/Frameworks",
				);
				PRODUCT_BUNDLE_IDENTIFIER = com.mcgoldricksolutions.StackOverflowProjectTests;
				PRODUCT_NAME = "$(TARGET_NAME)";
				SWIFT_VERSION = 5.0;
				TARGETED_DEVICE_FAMILY = "1,2";
				TEST_HOST = "$(BUILT_PRODUCTS_DIR)/StackOverflowProject.app/StackOverflowProject";
			};
			name = Release;
		};
		5EE84CDA23CA50A500BA1627 /* Debug */ = {
			isa = XCBuildConfiguration;
			buildSettings = {
				ALWAYS_EMBED_SWIFT_STANDARD_LIBRARIES = YES;
				CODE_SIGN_STYLE = Automatic;
				INFOPLIST_FILE = StackOverflowProjectUITests/Info.plist;
				LD_RUNPATH_SEARCH_PATHS = (
					"$(inherited)",
					"@executable_path/Frameworks",
					"@loader_path/Frameworks",
				);
				PRODUCT_BUNDLE_IDENTIFIER = com.mcgoldricksolutions.StackOverflowProjectUITests;
				PRODUCT_NAME = "$(TARGET_NAME)";
				SWIFT_VERSION = 5.0;
				TARGETED_DEVICE_FAMILY = "1,2";
				TEST_TARGET_NAME = StackOverflowProject;
			};
			name = Debug;
		};
		5EE84CDB23CA50A500BA1627 /* Release */ = {
			isa = XCBuildConfiguration;
			buildSettings = {
				ALWAYS_EMBED_SWIFT_STANDARD_LIBRARIES = YES;
				CODE_SIGN_STYLE = Automatic;
				INFOPLIST_FILE = StackOverflowProjectUITests/Info.plist;
				LD_RUNPATH_SEARCH_PATHS = (
					"$(inherited)",
					"@executable_path/Frameworks",
					"@loader_path/Frameworks",
				);
				PRODUCT_BUNDLE_IDENTIFIER = com.mcgoldricksolutions.StackOverflowProjectUITests;
				PRODUCT_NAME = "$(TARGET_NAME)";
				SWIFT_VERSION = 5.0;
				TARGETED_DEVICE_FAMILY = "1,2";
				TEST_TARGET_NAME = StackOverflowProject;
			};
			name = Release;
		};
/* End XCBuildConfiguration section */

/* Begin XCConfigurationList section */
		5EE84CA123CA50A200BA1627 /* Build configuration list for PBXProject "StackOverflowProject" */ = {
			isa = XCConfigurationList;
			buildConfigurations = (
				5EE84CD123CA50A500BA1627 /* Debug */,
				5EE84CD223CA50A500BA1627 /* Release */,
			);
			defaultConfigurationIsVisible = 0;
			defaultConfigurationName = Release;
		};
		5EE84CD323CA50A500BA1627 /* Build configuration list for PBXNativeTarget "StackOverflowProject" */ = {
			isa = XCConfigurationList;
			buildConfigurations = (
				5EE84CD423CA50A500BA1627 /* Debug */,
				5EE84CD523CA50A500BA1627 /* Release */,
			);
			defaultConfigurationIsVisible = 0;
			defaultConfigurationName = Release;
		};
		5EE84CD623CA50A500BA1627 /* Build configuration list for PBXNativeTarget "StackOverflowProjectTests" */ = {
			isa = XCConfigurationList;
			buildConfigurations = (
				5EE84CD723CA50A500BA1627 /* Debug */,
				5EE84CD823CA50A500BA1627 /* Release */,
			);
			defaultConfigurationIsVisible = 0;
			defaultConfigurationName = Release;
		};
		5EE84CD923CA50A500BA1627 /* Build configuration list for PBXNativeTarget "StackOverflowProjectUITests" */ = {
			isa = XCConfigurationList;
			buildConfigurations = (
				5EE84CDA23CA50A500BA1627 /* Debug */,
				5EE84CDB23CA50A500BA1627 /* Release */,
			);
			defaultConfigurationIsVisible = 0;
			defaultConfigurationName = Release;
		};
/* End XCConfigurationList section */

/* Begin XCVersionGroup section */
		5EE84CB223CA50A200BA1627 /* StackOverflowProject.xcdatamodeld */ = {
			isa = XCVersionGroup;
			children = (
				5EE84CB323CA50A200BA1627 /* StackOverflowProject.xcdatamodel */,
			);
			currentVersion = 5EE84CB323CA50A200BA1627 /* StackOverflowProject.xcdatamodel */;
			path = StackOverflowProject.xcdatamodeld;
			sourceTree = "<group>";
			versionGroupType = wrapper.xcdatamodel;
		};
/* End XCVersionGroup section */
	};
	rootObject = 5EE84C9E23CA50A200BA1627 /* Project object */;
}
